
Microsoft Visual Studio Solution File, Format Version 12.00
Project("{FAE04EC0-301F-11D3-BF4B-00C04F79EFBC}") = "InternalGoogleApp", "InternalGoogleApp\InternalGoogleApp.csproj", "{B59428E5-D66E-4628-A413-374736FDD046}"
EndProject
Project("{FAE04EC0-301F-11D3-BF4B-00C04F79EFBC}") = "Coffee.core", "Coffee.core\Coffee.core.csproj", "{BA8671A7-2698-40FF-A65F-ED53D1A1A2B2}"
EndProject
Project("{FAE04EC0-301F-11D3-BF4B-00C04F79EFBC}") = "Coffee.Data", "Coffee.Data\Coffee.Data.csproj", "{A2F29965-A7E9-4ED5-B71A-C3166AF551A5}"
EndProject
Global
	GlobalSection(SolutionConfigurationPlatforms) = preSolution
		Debug|Any CPU = Debug|Any CPU
		Release|Any CPU = Release|Any CPU
	EndGlobalSection
	GlobalSection(ProjectConfigurationPlatforms) = postSolution
		{B59428E5-D66E-4628-A413-374736FDD046}.Debug|Any CPU.ActiveCfg = Debug|Any CPU
		{B59428E5-D66E-4628-A413-374736FDD046}.Debug|Any CPU.Build.0 = Debug|Any CPU
		{B59428E5-D66E-4628-A413-374736FDD046}.Release|Any CPU.ActiveCfg = Release|Any CPU
		{B59428E5-D66E-4628-A413-374736FDD046}.Release|Any CPU.Build.0 = Release|Any CPU
		{BA8671A7-2698-40FF-A65F-ED53D1A1A2B2}.Debug|Any CPU.ActiveCfg = Debug|Any CPU
		{BA8671A7-2698-40FF-A65F-ED53D1A1A2B2}.Debug|Any CPU.Build.0 = Debug|Any CPU
		{BA8671A7-2698-40FF-A65F-ED53D1A1A2B2}.Release|Any CPU.ActiveCfg = Release|Any CPU
		{BA8671A7-2698-40FF-A65F-ED53D1A1A2B2}.Release|Any CPU.Build.0 = Release|Any CPU
		{A2F29965-A7E9-4ED5-B71A-C3166AF551A5}.Debug|Any CPU.ActiveCfg = Debug|Any CPU
		{A2F29965-A7E9-4ED5-B71A-C3166AF551A5}.Debug|Any CPU.Build.0 = Debug|Any CPU
		{A2F29965-A7E9-4ED5-B71A-C3166AF551A5}.Release|Any CPU.ActiveCfg = Release|Any CPU
		{A2F29965-A7E9-4ED5-B71A-C3166AF551A5}.Release|Any CPU.Build.0 = Release|Any CPU
	EndGlobalSection
EndGlobal
